
Microsoft Visual Studio Solution File, Format Version 12.00
# Visual Studio Version 17
VisualStudioVersion = 17.9.34622.214
MinimumVisualStudioVersion = 10.0.40219.1
Project("{FAE04EC0-301F-11D3-BF4B-00C04F79EFBC}") = "LMS.BackendApi", "LMS.BackendApi\LMS.BackendApi.csproj", "{A7D11144-4ED1-44C0-92C0-C37759A1908D}"
EndProject
Global
	GlobalSection(SolutionConfigurationPlatforms) = preSolution
		Debug|Any CPU = Debug|Any CPU
		Release|Any CPU = Release|Any CPU
	EndGlobalSection
	GlobalSection(ProjectConfigurationPlatforms) = postSolution
		{A7D11144-4ED1-44C0-92C0-C37759A1908D}.Debug|Any CPU.ActiveCfg = Debug|Any CPU
		{A7D11144-4ED1-44C0-92C0-C37759A1908D}.Debug|Any CPU.Build.0 = Debug|Any CPU
		{A7D11144-4ED1-44C0-92C0-C37759A1908D}.Release|Any CPU.ActiveCfg = Release|Any CPU
		{A7D11144-4ED1-44C0-92C0-C37759A1908D}.Release|Any CPU.Build.0 = Release|Any CPU
	EndGlobalSection
	GlobalSection(SolutionProperties) = preSolution
		HideSolutionNode = FALSE
	EndGlobalSection
	GlobalSection(ExtensibilityGlobals) = postSolution
		SolutionGuid = {68AF0FEE-66BC-417A-AC9C-1AFDEFA8B04A}
	EndGlobalSection
EndGlobal
